
Microsoft Visual Studio Solution File, Format Version 12.00
# Visual Studio Version 17
VisualStudioVersion = 17.11.35312.102
MinimumVisualStudioVersion = 10.0.40219.1
Project("{9A19103F-16F7-4668-BE54-9A1E7A4F7556}") = "testwithapic#", "testwithapic#\testwithapic#.csproj", "{74D9840D-DF2E-4B4C-B831-EF33E7498C38}"
EndProject
Project("{FAE04EC0-301F-11D3-BF4B-00C04F79EFBC}") = "c#.DataAccess", "c#.DataAccess1\c#.DataAccess.csproj", "{C02AACAB-8B56-4A76-BB82-AAD6F4CFCAA9}"
EndProject
Project("{FAE04EC0-301F-11D3-BF4B-00C04F79EFBC}") = "c#.Models", "c#.Models\c#.Models.csproj", "{939227F7-44FE-4FD4-AAF2-542FBD2A1353}"
EndProject
Project("{FAE04EC0-301F-11D3-BF4B-00C04F79EFBC}") = "c#.Utility", "c#.Utility\c#.Utility.csproj", "{FCADE8E3-4F02-4328-8086-1C96EC2899CD}"
EndProject
Global
	GlobalSection(SolutionConfigurationPlatforms) = preSolution
		Debug|Any CPU = Debug|Any CPU
		Release|Any CPU = Release|Any CPU
	EndGlobalSection
	GlobalSection(ProjectConfigurationPlatforms) = postSolution
		{74D9840D-DF2E-4B4C-B831-EF33E7498C38}.Debug|Any CPU.ActiveCfg = Debug|Any CPU
		{74D9840D-DF2E-4B4C-B831-EF33E7498C38}.Debug|Any CPU.Build.0 = Debug|Any CPU
		{74D9840D-DF2E-4B4C-B831-EF33E7498C38}.Release|Any CPU.ActiveCfg = Release|Any CPU
		{74D9840D-DF2E-4B4C-B831-EF33E7498C38}.Release|Any CPU.Build.0 = Release|Any CPU
		{C02AACAB-8B56-4A76-BB82-AAD6F4CFCAA9}.Debug|Any CPU.ActiveCfg = Debug|Any CPU
		{C02AACAB-8B56-4A76-BB82-AAD6F4CFCAA9}.Debug|Any CPU.Build.0 = Debug|Any CPU
		{C02AACAB-8B56-4A76-BB82-AAD6F4CFCAA9}.Release|Any CPU.ActiveCfg = Release|Any CPU
		{C02AACAB-8B56-4A76-BB82-AAD6F4CFCAA9}.Release|Any CPU.Build.0 = Release|Any CPU
		{939227F7-44FE-4FD4-AAF2-542FBD2A1353}.Debug|Any CPU.ActiveCfg = Debug|Any CPU
		{939227F7-44FE-4FD4-AAF2-542FBD2A1353}.Debug|Any CPU.Build.0 = Debug|Any CPU
		{939227F7-44FE-4FD4-AAF2-542FBD2A1353}.Release|Any CPU.ActiveCfg = Release|Any CPU
		{939227F7-44FE-4FD4-AAF2-542FBD2A1353}.Release|Any CPU.Build.0 = Release|Any CPU
		{FCADE8E3-4F02-4328-8086-1C96EC2899CD}.Debug|Any CPU.ActiveCfg = Debug|Any CPU
		{FCADE8E3-4F02-4328-8086-1C96EC2899CD}.Debug|Any CPU.Build.0 = Debug|Any CPU
		{FCADE8E3-4F02-4328-8086-1C96EC2899CD}.Release|Any CPU.ActiveCfg = Release|Any CPU
		{FCADE8E3-4F02-4328-8086-1C96EC2899CD}.Release|Any CPU.Build.0 = Release|Any CPU
	EndGlobalSection
	GlobalSection(SolutionProperties) = preSolution
		HideSolutionNode = FALSE
	EndGlobalSection
	GlobalSection(ExtensibilityGlobals) = postSolution
		SolutionGuid = {978A9A1D-CC3B-4F34-A069-6CA53A9E21AA}
	EndGlobalSection
EndGlobal
